// !$*UTF8*$!
{
	archiveVersion = 1;
	classes = {
	};
	objectVersion = 56;
	objects = {

/* Begin PBXBuildFile section */
		B375B4F62D6E0FE700318C92 /* AppDelegate.swift in Sources */ = {isa = PBXBuildFile; fileRef = B375B4F52D6E0FE700318C92 /* AppDelegate.swift */; };
		B375B4F82D6E0FE700318C92 /* SceneDelegate.swift in Sources */ = {isa = PBXBuildFile; fileRef = B375B4F72D6E0FE700318C92 /* SceneDelegate.swift */; };
		B375B4FA2D6E0FE700318C92 /* ViewController.swift in Sources */ = {isa = PBXBuildFile; fileRef = B375B4F92D6E0FE700318C92 /* ViewController.swift */; };
		B375B4FD2D6E0FE700318C92 /* Main.storyboard in Resources */ = {isa = PBXBuildFile; fileRef = B375B4FB2D6E0FE700318C92 /* Main.storyboard */; };
		B375B4FF2D6E0FE900318C92 /* Assets.xcassets in Resources */ = {isa = PBXBuildFile; fileRef = B375B4FE2D6E0FE900318C92 /* Assets.xcassets */; };
		B375B5022D6E0FE900318C92 /* LaunchScreen.storyboard in Resources */ = {isa = PBXBuildFile; fileRef = B375B5002D6E0FE900318C92 /* LaunchScreen.storyboard */; };
		B375B50B2D6E112B00318C92 /* Alamofire in Frameworks */ = {isa = PBXBuildFile; productRef = B375B50A2D6E112B00318C92 /* Alamofire */; };
		B375B50D2D6E112B00318C92 /* AlamofireDynamic in Frameworks */ = {isa = PBXBuildFile; productRef = B375B50C2D6E112B00318C92 /* AlamofireDynamic */; };
		B375B5102D6E113600318C92 /* FSCalendar in Frameworks */ = {isa = PBXBuildFile; productRef = B375B50F2D6E113600318C92 /* FSCalendar */; };
/* End PBXBuildFile section */

/* Begin PBXFileReference section */
		B375B4F22D6E0FE700318C92 /* DependencyManager_Demo.app */ = {isa = PBXFileReference; explicitFileType = wrapper.application; includeInIndex = 0; path = DependencyManager_Demo.app; sourceTree = BUILT_PRODUCTS_DIR; };
		B375B4F52D6E0FE700318C92 /* AppDelegate.swift */ = {isa = PBXFileReference; lastKnownFileType = sourcecode.swift; path = AppDelegate.swift; sourceTree = "<group>"; };
		B375B4F72D6E0FE700318C92 /* SceneDelegate.swift */ = {isa = PBXFileReference; lastKnownFileType = sourcecode.swift; path = SceneDelegate.swift; sourceTree = "<group>"; };
		B375B4F92D6E0FE700318C92 /* ViewController.swift */ = {isa = PBXFileReference; lastKnownFileType = sourcecode.swift; path = ViewController.swift; sourceTree = "<group>"; };
		B375B4FC2D6E0FE700318C92 /* Base */ = {isa = PBXFileReference; lastKnownFileType = file.storyboard; name = Base; path = Base.lproj/Main.storyboard; sourceTree = "<group>"; };
		B375B4FE2D6E0FE900318C92 /* Assets.xcassets */ = {isa = PBXFileReference; lastKnownFileType = folder.assetcatalog; path = Assets.xcassets; sourceTree = "<group>"; };
		B375B5012D6E0FE900318C92 /* Base */ = {isa = PBXFileReference; lastKnownFileType = file.storyboard; name = Base; path = Base.lproj/LaunchScreen.storyboard; sourceTree = "<group>"; };
		B375B5032D6E0FE900318C92 /* Info.plist */ = {isa = PBXFileReference; lastKnownFileType = text.plist.xml; path = Info.plist; sourceTree = "<group>"; };
/* End PBXFileReference section */

/* Begin PBXFrameworksBuildPhase section */
		B375B4EF2D6E0FE700318C92 /* Frameworks */ = {
			isa = PBXFrameworksBuildPhase;
			buildActionMask = 2147483647;
			files = (
				B375B50B2D6E112B00318C92 /* Alamofire in Frameworks */,
				B375B5102D6E113600318C92 /* FSCalendar in Frameworks */,
				B375B50D2D6E112B00318C92 /* AlamofireDynamic in Frameworks */,
			);
			runOnlyForDeploymentPostprocessing = 0;
		};
/* End PBXFrameworksBuildPhase section */

/* Begin PBXGroup section */
		B375B4E92D6E0FE700318C92 = {
			isa = PBXGroup;
			children = (
				B375B4F42D6E0FE700318C92 /* DependencyManager_Demo */,
				B375B4F32D6E0FE700318C92 /* Products */,
			);
			sourceTree = "<group>";
		};
		B375B4F32D6E0FE700318C92 /* Products */ = {
			isa = PBXGroup;
			children = (
				B375B4F22D6E0FE700318C92 /* DependencyManager_Demo.app */,
			);
			name = Products;
			sourceTree = "<group>";
		};
		B375B4F42D6E0FE700318C92 /* DependencyManager_Demo */ = {
			isa = PBXGroup;
			children = (
				B375B4F52D6E0FE700318C92 /* AppDelegate.swift */,
				B375B4F72D6E0FE700318C92 /* SceneDelegate.swift */,
				B375B4F92D6E0FE700318C92 /* ViewController.swift */,
				B375B4FB2D6E0FE700318C92 /* Main.storyboard */,
				B375B4FE2D6E0FE900318C92 /* Assets.xcassets */,
				B375B5002D6E0FE900318C92 /* LaunchScreen.storyboard */,
				B375B5032D6E0FE900318C92 /* Info.plist */,
			);
			path = DependencyManager_Demo;
			sourceTree = "<group>";
		};
/* End PBXGroup section */

/* Begin PBXNativeTarget section */
		B375B4F12D6E0FE700318C92 /* DependencyManager_Demo */ = {
			isa = PBXNativeTarget;
			buildConfigurationList = B375B5062D6E0FE900318C92 /* Build configuration list for PBXNativeTarget "DependencyManager_Demo" */;
			buildPhases = (
				B375B4EE2D6E0FE700318C92 /* Sources */,
				B375B4EF2D6E0FE700318C92 /* Frameworks */,
				B375B4F02D6E0FE700318C92 /* Resources */,
			);
			buildRules = (
			);
			dependencies = (
			);
			name = DependencyManager_Demo;
			packageProductDependencies = (
				B375B50A2D6E112B00318C92 /* Alamofire */,
				B375B50C2D6E112B00318C92 /* AlamofireDynamic */,
				B375B50F2D6E113600318C92 /* FSCalendar */,
			);
			productName = DependencyManager_Demo;
			productReference = B375B4F22D6E0FE700318C92 /* DependencyManager_Demo.app */;
			productType = "com.apple.product-type.application";
		};
/* End PBXNativeTarget section */

/* Begin PBXProject section */
		B375B4EA2D6E0FE700318C92 /* Project object */ = {
			isa = PBXProject;
			attributes = {
				BuildIndependentTargetsInParallel = 1;
				LastSwiftUpdateCheck = 1520;
				LastUpgradeCheck = 1520;
				TargetAttributes = {
					B375B4F12D6E0FE700318C92 = {
						CreatedOnToolsVersion = 15.2;
					};
				};
			};
			buildConfigurationList = B375B4ED2D6E0FE700318C92 /* Build configuration list for PBXProject "DependencyManager_Demo" */;
			compatibilityVersion = "Xcode 14.0";
			developmentRegion = en;
			hasScannedForEncodings = 0;
			knownRegions = (
				en,
				Base,
			);
			mainGroup = B375B4E92D6E0FE700318C92;
			packageReferences = (
				B375B5092D6E112B00318C92 /* XCRemoteSwiftPackageReference "Alamofire" */,
				B375B50E2D6E113500318C92 /* XCRemoteSwiftPackageReference "FSCalendar" */,
			);
			productRefGroup = B375B4F32D6E0FE700318C92 /* Products */;
			projectDirPath = "";
			projectRoot = "";
			targets = (
				B375B4F12D6E0FE700318C92 /* DependencyManager_Demo */,
			);
		};
/* End PBXProject section */

/* Begin PBXResourcesBuildPhase section */
		B375B4F02D6E0FE700318C92 /* Resources */ = {
			isa = PBXResourcesBuildPhase;
			buildActionMask = 2147483647;
			files = (
				B375B5022D6E0FE900318C92 /* LaunchScreen.storyboard in Resources */,
				B375B4FF2D6E0FE900318C92 /* Assets.xcassets in Resources */,
				B375B4FD2D6E0FE700318C92 /* Main.storyboard in Resources */,
			);
			runOnlyForDeploymentPostprocessing = 0;
		};
/* End PBXResourcesBuildPhase section */

/* Begin PBXSourcesBuildPhase section */
		B375B4EE2D6E0FE700318C92 /* Sources */ = {
			isa = PBXSourcesBuildPhase;
			buildActionMask = 2147483647;
			files = (
				B375B4FA2D6E0FE700318C92 /* ViewController.swift in Sources */,
				B375B4F62D6E0FE700318C92 /* AppDelegate.swift in Sources */,
				B375B4F82D6E0FE700318C92 /* SceneDelegate.swift in Sources */,
			);
			runOnlyForDeploymentPostprocessing = 0;
		};
/* End PBXSourcesBuildPhase section */

/* Begin PBXVariantGroup section */
		B375B4FB2D6E0FE700318C92 /* Main.storyboard */ = {
			isa = PBXVariantGroup;
			children = (
				B375B4FC2D6E0FE700318C92 /* Base */,
			);
			name = Main.storyboard;
			sourceTree = "<group>";
		};
		B375B5002D6E0FE900318C92 /* LaunchScreen.storyboard */ = {
			isa = PBXVariantGroup;
			children = (
				B375B5012D6E0FE900318C92 /* Base */,
			);
			name = LaunchScreen.storyboard;
			sourceTree = "<group>";
		};
/* End PBXVariantGroup section */

/* Begin XCBuildConfiguration section */
		B375B5042D6E0FE900318C92 /* Debug */ = {
			isa = XCBuildConfiguration;
			buildSettings = {
				ALWAYS_SEARCH_USER_PATHS = NO;
				ASSETCATALOG_COMPILER_GENERATE_SWIFT_ASSET_SYMBOL_EXTENSIONS = YES;
				CLANG_ANALYZER_NONNULL = YES;
				CLANG_ANALYZER_NUMBER_OBJECT_CONVERSION = YES_AGGRESSIVE;
				CLANG_CXX_LANGUAGE_STANDARD = "gnu++20";
				CLANG_ENABLE_MODULES = YES;
				CLANG_ENABLE_OBJC_ARC = YES;
				CLANG_ENABLE_OBJC_WEAK = YES;
				CLANG_WARN_BLOCK_CAPTURE_AUTORELEASING = YES;
				CLANG_WARN_BOOL_CONVERSION = YES;
				CLANG_WARN_COMMA = YES;
				CLANG_WARN_CONSTANT_CONVERSION = YES;
				CLANG_WARN_DEPRECATED_OBJC_IMPLEMENTATIONS = YES;
				CLANG_WARN_DIRECT_OBJC_ISA_USAGE = YES_ERROR;
				CLANG_WARN_DOCUMENTATION_COMMENTS = YES;
				CLANG_WARN_EMPTY_BODY = YES;
				CLANG_WARN_ENUM_CONVERSION = YES;
				CLANG_WARN_INFINITE_RECURSION = YES;
				CLANG_WARN_INT_CONVERSION = YES;
				CLANG_WARN_NON_LITERAL_NULL_CONVERSION = YES;
				CLANG_WARN_OBJC_IMPLICIT_RETAIN_SELF = YES;
				CLANG_WARN_OBJC_LITERAL_CONVERSION = YES;
				CLANG_WARN_OBJC_ROOT_CLASS = YES_ERROR;
				CLANG_WARN_QUOTED_INCLUDE_IN_FRAMEWORK_HEADER = YES;
				CLANG_WARN_RANGE_LOOP_ANALYSIS = YES;
				CLANG_WARN_STRICT_PROTOTYPES = YES;
				CLANG_WARN_SUSPICIOUS_MOVE = YES;
				CLANG_WARN_UNGUARDED_AVAILABILITY = YES_AGGRESSIVE;
				CLANG_WARN_UNREACHABLE_CODE = YES;
				CLANG_WARN__DUPLICATE_METHOD_MATCH = YES;
				COPY_PHASE_STRIP = NO;
				DEBUG_INFORMATION_FORMAT = dwarf;
				ENABLE_STRICT_OBJC_MSGSEND = YES;
				ENABLE_TESTABILITY = YES;
				ENABLE_USER_SCRIPT_SANDBOXING = YES;
				GCC_C_LANGUAGE_STANDARD = gnu17;
				GCC_DYNAMIC_NO_PIC = NO;
				GCC_NO_COMMON_BLOCKS = YES;
				GCC_OPTIMIZATION_LEVEL = 0;
				GCC_PREPROCESSOR_DEFINITIONS = (
					"DEBUG=1",
					"$(inherited)",
				);
				GCC_WARN_64_TO_32_BIT_CONVERSION = YES;
				GCC_WARN_ABOUT_RETURN_TYPE = YES_ERROR;
				GCC_WARN_UNDECLARED_SELECTOR = YES;
				GCC_WARN_UNINITIALIZED_AUTOS = YES_AGGRESSIVE;
				GCC_WARN_UNUSED_FUNCTION = YES;
				GCC_WARN_UNUSED_VARIABLE = YES;
				IPHONEOS_DEPLOYMENT_TARGET = 17.2;
				LOCALIZATION_PREFERS_STRING_CATALOGS = YES;
				MTL_ENABLE_DEBUG_INFO = INCLUDE_SOURCE;
				MTL_FAST_MATH = YES;
				ONLY_ACTIVE_ARCH = YES;
				SDKROOT = iphoneos;
				SWIFT_ACTIVE_COMPILATION_CONDITIONS = "DEBUG $(inherited)";
				SWIFT_OPTIMIZATION_LEVEL = "-Onone";
			};
			name = Debug;
		};
		B375B5052D6E0FE900318C92 /* Release */ = {
			isa = XCBuildConfiguration;
			buildSettings = {
				ALWAYS_SEARCH_USER_PATHS = NO;
				ASSETCATALOG_COMPILER_GENERATE_SWIFT_ASSET_SYMBOL_EXTENSIONS = YES;
				CLANG_ANALYZER_NONNULL = YES;
				CLANG_ANALYZER_NUMBER_OBJECT_CONVERSION = YES_AGGRESSIVE;
				CLANG_CXX_LANGUAGE_STANDARD = "gnu++20";
				CLANG_ENABLE_MODULES = YES;
				CLANG_ENABLE_OBJC_ARC = YES;
				CLANG_ENABLE_OBJC_WEAK = YES;
				CLANG_WARN_BLOCK_CAPTURE_AUTORELEASING = YES;
				CLANG_WARN_BOOL_CONVERSION = YES;
				CLANG_WARN_COMMA = YES;
				CLANG_WARN_CONSTANT_CONVERSION = YES;
				CLANG_WARN_DEPRECATED_OBJC_IMPLEMENTATIONS = YES;
				CLANG_WARN_DIRECT_OBJC_ISA_USAGE = YES_ERROR;
				CLANG_WARN_DOCUMENTATION_COMMENTS = YES;
				CLANG_WARN_EMPTY_BODY = YES;
				CLANG_WARN_ENUM_CONVERSION = YES;
				CLANG_WARN_INFINITE_RECURSION = YES;
				CLANG_WARN_INT_CONVERSION = YES;
				CLANG_WARN_NON_LITERAL_NULL_CONVERSION = YES;
				CLANG_WARN_OBJC_IMPLICIT_RETAIN_SELF = YES;
				CLANG_WARN_OBJC_LITERAL_CONVERSION = YES;
				CLANG_WARN_OBJC_ROOT_CLASS = YES_ERROR;
				CLANG_WARN_QUOTED_INCLUDE_IN_FRAMEWORK_HEADER = YES;
				CLANG_WARN_RANGE_LOOP_ANALYSIS = YES;
				CLANG_WARN_STRICT_PROTOTYPES = YES;
				CLANG_WARN_SUSPICIOUS_MOVE = YES;
				CLANG_WARN_UNGUARDED_AVAILABILITY = YES_AGGRESSIVE;
				CLANG_WARN_UNREACHABLE_CODE = YES;
				CLANG_WARN__DUPLICATE_METHOD_MATCH = YES;
				COPY_PHASE_STRIP = NO;
				DEBUG_INFORMATION_FORMAT = "dwarf-with-dsym";
				ENABLE_NS_ASSERTIONS = NO;
				ENABLE_STRICT_OBJC_MSGSEND = YES;
				ENABLE_USER_SCRIPT_SANDBOXING = YES;
				GCC_C_LANGUAGE_STANDARD = gnu17;
				GCC_NO_COMMON_BLOCKS = YES;
				GCC_WARN_64_TO_32_BIT_CONVERSION = YES;
				GCC_WARN_ABOUT_RETURN_TYPE = YES_ERROR;
				GCC_WARN_UNDECLARED_SELECTOR = YES;
				GCC_WARN_UNINITIALIZED_AUTOS = YES_AGGRESSIVE;
				GCC_WARN_UNUSED_FUNCTION = YES;
				GCC_WARN_UNUSED_VARIABLE = YES;
				IPHONEOS_DEPLOYMENT_TARGET = 17.2;
				LOCALIZATION_PREFERS_STRING_CATALOGS = YES;
				MTL_ENABLE_DEBUG_INFO = NO;
				MTL_FAST_MATH = YES;
				SDKROOT = iphoneos;
				SWIFT_COMPILATION_MODE = wholemodule;
				VALIDATE_PRODUCT = YES;
			};
			name = Release;
		};
		B375B5072D6E0FE900318C92 /* Debug */ = {
			isa = XCBuildConfiguration;
			buildSettings = {
				ASSETCATALOG_COMPILER_APPICON_NAME = AppIcon;
				ASSETCATALOG_COMPILER_GLOBAL_ACCENT_COLOR_NAME = AccentColor;
				CODE_SIGN_STYLE = Automatic;
				CURRENT_PROJECT_VERSION = 1;
				GENERATE_INFOPLIST_FILE = YES;
				INFOPLIST_FILE = DependencyManager_Demo/Info.plist;
				INFOPLIST_KEY_UIApplicationSupportsIndirectInputEvents = YES;
				INFOPLIST_KEY_UILaunchStoryboardName = LaunchScreen;
				INFOPLIST_KEY_UIMainStoryboardFile = Main;
				INFOPLIST_KEY_UISupportedInterfaceOrientations_iPad = "UIInterfaceOrientationPortrait UIInterfaceOrientationPortraitUpsideDown UIInterfaceOrientationLandscapeLeft UIInterfaceOrientationLandscapeRight";
				INFOPLIST_KEY_UISupportedInterfaceOrientations_iPhone = "UIInterfaceOrientationPortrait UIInterfaceOrientationLandscapeLeft UIInterfaceOrientationLandscapeRight";
				LD_RUNPATH_SEARCH_PATHS = (
					"$(inherited)",
					"@executable_path/Frameworks",
				);
				MARKETING_VERSION = 1.0;
				PRODUCT_BUNDLE_IDENTIFIER = "com.demo.com.DependencyManager-Demo";
				PRODUCT_NAME = "$(TARGET_NAME)";
				SWIFT_EMIT_LOC_STRINGS = YES;
				SWIFT_VERSION = 5.0;
				TARGETED_DEVICE_FAMILY = "1,2";
			};
			name = Debug;
		};
		B375B5082D6E0FE900318C92 /* Release */ = {
			isa = XCBuildConfiguration;
			buildSettings = {
				ASSETCATALOG_COMPILER_APPICON_NAME = AppIcon;
				ASSETCATALOG_COMPILER_GLOBAL_ACCENT_COLOR_NAME = AccentColor;
				CODE_SIGN_STYLE = Automatic;
				CURRENT_PROJECT_VERSION = 1;
				GENERATE_INFOPLIST_FILE = YES;
				INFOPLIST_FILE = DependencyManager_Demo/Info.plist;
				INFOPLIST_KEY_UIApplicationSupportsIndirectInputEvents = YES;
				INFOPLIST_KEY_UILaunchStoryboardName = LaunchScreen;
				INFOPLIST_KEY_UIMainStoryboardFile = Main;
				INFOPLIST_KEY_UISupportedInterfaceOrientations_iPad = "UIInterfaceOrientationPortrait UIInterfaceOrientationPortraitUpsideDown UIInterfaceOrientationLandscapeLeft UIInterfaceOrientationLandscapeRight";
				INFOPLIST_KEY_UISupportedInterfaceOrientations_iPhone = "UIInterfaceOrientationPortrait UIInterfaceOrientationLandscapeLeft UIInterfaceOrientationLandscapeRight";
				LD_RUNPATH_SEARCH_PATHS = (
					"$(inherited)",
					"@executable_path/Frameworks",
				);
				MARKETING_VERSION = 1.0;
				PRODUCT_BUNDLE_IDENTIFIER = "com.demo.com.DependencyManager-Demo";
				PRODUCT_NAME = "$(TARGET_NAME)";
				SWIFT_EMIT_LOC_STRINGS = YES;
				SWIFT_VERSION = 5.0;
				TARGETED_DEVICE_FAMILY = "1,2";
			};
			name = Release;
		};
/* End XCBuildConfiguration section */

/* Begin XCConfigurationList section */
		B375B4ED2D6E0FE700318C92 /* Build configuration list for PBXProject "DependencyManager_Demo" */ = {
			isa = XCConfigurationList;
			buildConfigurations = (
				B375B5042D6E0FE900318C92 /* Debug */,
				B375B5052D6E0FE900318C92 /* Release */,
			);
			defaultConfigurationIsVisible = 0;
			defaultConfigurationName = Release;
		};
		B375B5062D6E0FE900318C92 /* Build configuration list for PBXNativeTarget "DependencyManager_Demo" */ = {
			isa = XCConfigurationList;
			buildConfigurations = (
				B375B5072D6E0FE900318C92 /* Debug */,
				B375B5082D6E0FE900318C92 /* Release */,
			);
			defaultConfigurationIsVisible = 0;
			defaultConfigurationName = Release;
		};
/* End XCConfigurationList section */

/* Begin XCRemoteSwiftPackageReference section */
		B375B5092D6E112B00318C92 /* XCRemoteSwiftPackageReference "Alamofire" */ = {
			isa = XCRemoteSwiftPackageReference;
			repositoryURL = "https://github.com/Alamofire/Alamofire.git";
			requirement = {
				kind = upToNextMajorVersion;
				minimumVersion = 5.10.2;
			};
		};
		B375B50E2D6E113500318C92 /* XCRemoteSwiftPackageReference "FSCalendar" */ = {
			isa = XCRemoteSwiftPackageReference;
			repositoryURL = "https://github.com/WenchaoD/FSCalendar.git";
			requirement = {
				kind = upToNextMajorVersion;
				minimumVersion = 2.8.4;
			};
		};
/* End XCRemoteSwiftPackageReference section */

/* Begin XCSwiftPackageProductDependency section */
		B375B50A2D6E112B00318C92 /* Alamofire */ = {
			isa = XCSwiftPackageProductDependency;
			package = B375B5092D6E112B00318C92 /* XCRemoteSwiftPackageReference "Alamofire" */;
			productName = Alamofire;
		};
		B375B50C2D6E112B00318C92 /* AlamofireDynamic */ = {
			isa = XCSwiftPackageProductDependency;
			package = B375B5092D6E112B00318C92 /* XCRemoteSwiftPackageReference "Alamofire" */;
			productName = AlamofireDynamic;
		};
		B375B50F2D6E113600318C92 /* FSCalendar */ = {
			isa = XCSwiftPackageProductDependency;
			package = B375B50E2D6E113500318C92 /* XCRemoteSwiftPackageReference "FSCalendar" */;
			productName = FSCalendar;
		};
/* End XCSwiftPackageProductDependency section */
	};
	rootObject = B375B4EA2D6E0FE700318C92 /* Project object */;
}
